<?xml version="1.0" encoding="utf-8"?>
<Project ToolsVersion="4.0" xmlns="http://schemas.microsoft.com/developer/msbuild/2003">
  <ItemGroup>
    <Filter Include="Source Files">
      <UniqueIdentifier>{4FC737F1-C7A5-4376-A066-2A32D752A2FF}</UniqueIdentifier>
      <Extensions>cpp;c;cc;cxx;def;odl;idl;hpj;bat;asm;asmx</Extensions>
    </Filter>
    <Filter Include="Header Files">
      <UniqueIdentifier>{93995380-89BD-4b04-88EB-625FBE52EBFB}</UniqueIdentifier>
      <Extensions>h;hpp;hxx;hm;inl;inc;xsd</Extensions>
    </Filter>
    <Filter Include="Resource Files">
      <UniqueIdentifier>{67DA6AB6-F800-4c08-8B7A-83BB121AAD01}</UniqueIdentifier>
      <Extensions>rc;ico;cur;bmp;dlg;rc2;rct;bin;rgs;gif;jpg;jpeg;jpe;resx;tiff;tif;png;wav;mfcribbon-ms</Extensions>
    </Filter>
    <Filter Include="Header Files\Commmunication">
      <UniqueIdentifier>{ad14054d-0114-4a92-8fed-de2d2504d545}</UniqueIdentifier>
    </Filter>
    <Filter Include="Header Files\Commmunication\Items">
      <UniqueIdentifier>{0e48a4b7-3951-4edd-afda-8e8fbaf3fba5}</UniqueIdentifier>
    </Filter>
    <Filter Include="Header Files\Settings">
      <UniqueIdentifier>{6ed00c37-af65-4d19-9858-c7f71ff4bb9b}</UniqueIdentifier>
    </Filter>
    <Filter Include="Source Files\Settings">
      <UniqueIdentifier>{5c44dace-cdbe-4a10-a0ca-d74761a53a69}</UniqueIdentifier>
    </Filter>
    <Filter Include="Header Files\Math">
      <UniqueIdentifier>{8dc884b1-2e69-4558-8b97-d66251bc4a80}</UniqueIdentifier>
    </Filter>
    <Filter Include="Source Files\Math">
      <UniqueIdentifier>{7d8cd0a0-3604-452d-bb1f-587ecdb0fe39}</UniqueIdentifier>
    </Filter>
    <Filter Include="Header Files\GCodeInterpreter">
      <UniqueIdentifier>{c2a6a21c-ae39-4d0d-8109-1704a04ee8ca}</UniqueIdentifier>
    </Filter>
    <Filter Include="Source Files\GcodeInterpreter">
      <UniqueIdentifier>{e6c437d6-2bbe-4ac8-ba0b-8add4d9fa140}</UniqueIdentifier>
    </Filter>
    <Filter Include="Header Files\GCodeInterpreter\PathParts">
      <UniqueIdentifier>{8d3614d0-1aa1-43ff-a3bc-c2411d45e892}</UniqueIdentifier>
    </Filter>
    <Filter Include="Source Files\GcodeInterpreter\PathParts">
      <UniqueIdentifier>{b8e76966-ec13-4804-a974-f4fbd5ea856e}</UniqueIdentifier>
    </Filter>
  </ItemGroup>
  <ItemGroup>
    <ClCompile Include="main.cpp">
      <Filter>Source Files</Filter>
    </ClCompile>
    <ClCompile Include="MainWindow.cpp">
      <Filter>Source Files</Filter>
    </ClCompile>
    <ClCompile Include="MyApp.cpp">
      <Filter>Source Files</Filter>
    </ClCompile>
    <ClCompile Include="global.cpp">
      <Filter>Source Files</Filter>
    </ClCompile>
    <ClCompile Include="MyData.cpp">
      <Filter>Source Files</Filter>
    </ClCompile>
    <ClCompile Include="iniFile.cpp">
      <Filter>Source Files</Filter>
    </ClCompile>
    <ClCompile Include="ProgramControl.cpp">
      <Filter>Source Files</Filter>
    </ClCompile>
    <ClCompile Include="ProgramRun.cpp">
      <Filter>Source Files</Filter>
    </ClCompile>
    <ClCompile Include="MyDevice.cpp">
      <Filter>Source Files</Filter>
    </ClCompile>
    <ClCompile Include="ReceiveFromDevice.cpp">
      <Filter>Source Files</Filter>
    </ClCompile>
    <ClCompile Include="Settings.cpp">
      <Filter>Source Files\Settings</Filter>
    </ClCompile>
    <ClCompile Include="AxisSettings.cpp">
      <Filter>Source Files\Settings</Filter>
    </ClCompile>
    <ClCompile Include="StepperSettings.cpp">
      <Filter>Source Files\Settings</Filter>
    </ClCompile>
    <ClCompile Include="CommandIDCounter.cpp">
      <Filter>Source Files</Filter>
    </ClCompile>
    <ClCompile Include="Geometry.cpp">
      <Filter>Source Files\Math</Filter>
    </ClCompile>
    <ClCompile Include="PreviewWindow.cpp">
      <Filter>Source Files</Filter>
    </ClCompile>
    <ClCompile Include="GCodeInterpreter.cpp">
      <Filter>Source Files\GcodeInterpreter</Filter>
    </ClCompile>
    <ClCompile Include="GCodeLine.cpp">
      <Filter>Source Files\GcodeInterpreter</Filter>
    </ClCompile>
    <ClCompile Include="PathPart.cpp">
      <Filter>Source Files\GcodeInterpreter\PathParts</Filter>
    </ClCompile>
    <ClCompile Include="GFunctions.cpp">
      <Filter>Source Files\GcodeInterpreter</Filter>
    </ClCompile>
    <ClCompile Include="PathPartMovable.cpp">
      <Filter>Source Files\GcodeInterpreter\PathParts</Filter>
    </ClCompile>
    <ClCompile Include="PathPartModable.cpp">
      <Filter>Source Files\GcodeInterpreter\PathParts</Filter>
    </ClCompile>
    <ClCompile Include="PathPartUnproc.cpp">
      <Filter>Source Files\GcodeInterpreter\PathParts</Filter>
    </ClCompile>
    <ClCompile Include="PathPartRapid.cpp">
      <Filter>Source Files\GcodeInterpreter\PathParts</Filter>
    </ClCompile>
    <ClCompile Include="PathPartLine.cpp">
      <Filter>Source Files\GcodeInterpreter\PathParts</Filter>
    </ClCompile>
    <ClCompile Include="PathPartCircle.cpp">
      <Filter>Source Files\GcodeInterpreter\PathParts</Filter>
    </ClCompile>
    <ClCompile Include="PathPartMark.cpp">
      <Filter>Source Files</Filter>
    </ClCompile>
    <ClCompile Include="PathOffsets.cpp">
      <Filter>Source Files\GcodeInterpreter</Filter>
    </ClCompile>
    <ClCompile Include="PathPartOffsetCircle.cpp">
      <Filter>Source Files\GcodeInterpreter\PathParts</Filter>
    </ClCompile>
    <ClCompile Include="PathPartOffsetLine.cpp">
      <Filter>Source Files\GcodeInterpreter\PathParts</Filter>
    </ClCompile>
  </ItemGroup>
  <ItemGroup>
    <ClInclude Include="MainWindow.h">
      <Filter>Header Files</Filter>
    </ClInclude>
    <ClInclude Include="global.h">
      <Filter>Header Files</Filter>
    </ClInclude>
    <ClInclude Include="MyApp.h">
      <Filter>Header Files</Filter>
    </ClInclude>
    <ClInclude Include="resource1.h">
      <Filter>Header Files</Filter>
    </ClInclude>
    <ClInclude Include="MyData.h">
      <Filter>Header Files</Filter>
    </ClInclude>
    <ClInclude Include="iniFile.h">
      <Filter>Header Files</Filter>
    </ClInclude>
    <ClInclude Include="ProgramControl.h">
      <Filter>Header Files</Filter>
    </ClInclude>
    <ClInclude Include="ProgramRun.h">
      <Filter>Header Files</Filter>
    </ClInclude>
    <ClInclude Include="CommunicationEnumerations.h">
      <Filter>Header Files\Commmunication</Filter>
    </ClInclude>
    <ClInclude Include="ErrorCodes.h">
      <Filter>Header Files\Commmunication\Items</Filter>
    </ClInclude>
    <ClInclude Include="MessageCodeToPC.h">
      <Filter>Header Files\Commmunication\Items</Filter>
    </ClInclude>
    <ClInclude Include="Receivers.h">
      <Filter>Header Files\Commmunication\Items</Filter>
    </ClInclude>
    <ClInclude Include="StateMessage.h">
      <Filter>Header Files\Commmunication\Items</Filter>
    </ClInclude>
    <ClInclude Include="CommandCodes.h">
      <Filter>Header Files\Commmunication\Items</Filter>
    </ClInclude>
    <ClInclude Include="CommandStackCodes.h">
      <Filter>Header Files\Commmunication\Items</Filter>
    </ClInclude>
    <ClInclude Include="MyDevice.h">
      <Filter>Header Files</Filter>
    </ClInclude>
    <ClInclude Include="ReceiveFromDevice.h">
      <Filter>Header Files</Filter>
    </ClInclude>
    <ClInclude Include="ConfigCodes.h">
      <Filter>Header Files\Commmunication\Items</Filter>
    </ClInclude>
    <ClInclude Include="Settings.h">
      <Filter>Header Files\Settings</Filter>
    </ClInclude>
    <ClInclude Include="AxisSettings.h">
      <Filter>Header Files\Settings</Filter>
    </ClInclude>
    <ClInclude Include="StepperSettings.h">
      <Filter>Header Files\Settings</Filter>
    </ClInclude>
    <ClInclude Include="CommandIDCounter.h">
      <Filter>Header Files</Filter>
    </ClInclude>
    <ClInclude Include="ProcessedData.h">
      <Filter>Header Files</Filter>
    </ClInclude>
    <ClInclude Include="Geometry.h">
      <Filter>Header Files\Math</Filter>
    </ClInclude>
    <ClInclude Include="PreviewWindow.h">
      <Filter>Header Files</Filter>
    </ClInclude>
    <ClInclude Include="GCodeInterpreter.h">
      <Filter>Header Files\GCodeInterpreter</Filter>
    </ClInclude>
    <ClInclude Include="GCodeLine.h">
      <Filter>Header Files\GCodeInterpreter</Filter>
    </ClInclude>
    <ClInclude Include="PathPart.h">
      <Filter>Header Files\GCodeInterpreter\PathParts</Filter>
    </ClInclude>
    <ClInclude Include="PathPartMovable.h">
      <Filter>Header Files\GCodeInterpreter\PathParts</Filter>
    </ClInclude>
    <ClInclude Include="PathPartModable.h">
      <Filter>Header Files\GCodeInterpreter\PathParts</Filter>
    </ClInclude>
    <ClInclude Include="PathPartUnproc.h">
      <Filter>Header Files\GCodeInterpreter\PathParts</Filter>
    </ClInclude>
    <ClInclude Include="PathPartRapid.h">
      <Filter>Header Files\GCodeInterpreter\PathParts</Filter>
    </ClInclude>
    <ClInclude Include="PathPartLine.h">
      <Filter>Header Files\GCodeInterpreter\PathParts</Filter>
    </ClInclude>
    <ClInclude Include="PathPartCircle.h">
      <Filter>Header Files\GCodeInterpreter\PathParts</Filter>
    </ClInclude>
    <ClInclude Include="PathPartMark.h">
      <Filter>Header Files</Filter>
    </ClInclude>
    <ClInclude Include="PathOffsets.h">
      <Filter>Header Files\GCodeInterpreter</Filter>
    </ClInclude>
    <ClInclude Include="PathPartOffsetCircle.h">
      <Filter>Header Files\GCodeInterpreter\PathParts</Filter>
    </ClInclude>
    <ClInclude Include="PathPartOffsetLine.h">
      <Filter>Header Files\GCodeInterpreter\PathParts</Filter>
    </ClInclude>
    <ClInclude Include="CodeModificators.h">
      <Filter>Header Files</Filter>
    </ClInclude>
  </ItemGroup>
  <ItemGroup>
    <None Include="icon1.ico">
      <Filter>Resource Files</Filter>
    </None>
    <None Include="icon2.ico">
      <Filter>Resource Files</Filter>
    </None>
    <None Include="startProgram.bmp">
      <Filter>Resource Files</Filter>
    </None>
    <None Include="pauseProgram.bmp">
      <Filter>Resource Files</Filter>
    </None>
    <None Include="StopProgram.bmp">
      <Filter>Resource Files</Filter>
    </None>
  </ItemGroup>
  <ItemGroup>
    <ResourceCompile Include="resource.rc">
      <Filter>Resource Files</Filter>
    </ResourceCompile>
  </ItemGroup>
</Project>