
Microsoft Visual Studio Solution File, Format Version 11.00
# Visual Studio 2010
Project("{8BC9CEB8-8B4A-11D0-8D11-00A0C91BC942}") = "CNC", "CNC\CNC.vcxproj", "{BCDD0BE3-D14D-4C1A-B9DD-680C750F0291}"
EndProject
Global
	GlobalSection(SolutionConfigurationPlatforms) = preSolution
		Debug|Win32 = Debug|Win32
		Release|Win32 = Release|Win32
	EndGlobalSection
	GlobalSection(ProjectConfigurationPlatforms) = postSolution
		{BCDD0BE3-D14D-4C1A-B9DD-680C750F0291}.Debug|Win32.ActiveCfg = Debug|Win32
		{BCDD0BE3-D14D-4C1A-B9DD-680C750F0291}.Debug|Win32.Build.0 = Debug|Win32
		{BCDD0BE3-D14D-4C1A-B9DD-680C750F0291}.Release|Win32.ActiveCfg = Release|Win32
		{BCDD0BE3-D14D-4C1A-B9DD-680C750F0291}.Release|Win32.Build.0 = Release|Win32
	EndGlobalSection
	GlobalSection(SolutionProperties) = preSolution
		HideSolutionNode = FALSE
	EndGlobalSection
EndGlobal
